{
  "name": "Express",
  "lockfileVersion": 3,
  "requires": true,
  "packages": {
    "": {
      "dependencies": {
        "nodemailer": "^6.9.7",
        "smtp": "^0.1.4"
      }
    },
    "node_modules/nodemailer": {
      "version": "6.9.7",
      "resolved": "https://registry.npmjs.org/nodemailer/-/nodemailer-6.9.7.tgz",
      "integrity": "sha512-rUtR77ksqex/eZRLmQ21LKVH5nAAsVicAtAYudK7JgwenEDZ0UIQ1adUGqErz7sMkWYxWTTU1aeP2Jga6WQyJw==",
      "engines": {
        "node": ">=6.0.0"
      }
    },
    "node_modules/smtp": {
      "version": "0.1.4",
      "resolved": "https://registry.npmjs.org/smtp/-/smtp-0.1.4.tgz",
      "integrity": "sha512-9keHq40r4T+Ji/qnqG0KaIlGEKuM3ukPUlh+KWaYiJhlIYgYw3T/IhgL16WNExs5YmEGozFnUYKTq71ZEO3Ciw==",
      "bin": {
        "smtpd": "bin/smtpd"
      },
      "engines": {
        "node": "0.4.x || 0.5.x"
      }
    }
  }
}
